
Microsoft Visual Studio Solution File, Format Version 12.00
# Visual Studio Version 17
VisualStudioVersion = 17.10.34928.147
MinimumVisualStudioVersion = 10.0.40219.1
Project("{9A19103F-16F7-4668-BE54-9A1E7A4F7556}") = "SimpleCSharpApp", "SimpleCSharpApp\SimpleCSharpApp.csproj", "{D8B121C7-031D-47E8-A559-016BBBC99943}"
EndProject
Project("{FAE04EC0-301F-11D3-BF4B-00C04F79EFBC}") = "BasicConsoleIO", "BasicConsoleIO\BasicConsoleIO.csproj", "{D1B7B2DF-FFCD-4B1C-AF0A-D66AE6C09EE3}"
EndProject
Project("{FAE04EC0-301F-11D3-BF4B-00C04F79EFBC}") = "BasicDataTypes", "BasicDataTypes\BasicDataTypes.csproj", "{F2B521B6-B026-4BC0-982B-01FE687CC0F2}"
EndProject
Global
	GlobalSection(SolutionConfigurationPlatforms) = preSolution
		Debug|Any CPU = Debug|Any CPU
		Release|Any CPU = Release|Any CPU
	EndGlobalSection
	GlobalSection(ProjectConfigurationPlatforms) = postSolution
		{D8B121C7-031D-47E8-A559-016BBBC99943}.Debug|Any CPU.ActiveCfg = Debug|Any CPU
		{D8B121C7-031D-47E8-A559-016BBBC99943}.Debug|Any CPU.Build.0 = Debug|Any CPU
		{D8B121C7-031D-47E8-A559-016BBBC99943}.Release|Any CPU.ActiveCfg = Release|Any CPU
		{D8B121C7-031D-47E8-A559-016BBBC99943}.Release|Any CPU.Build.0 = Release|Any CPU
		{D1B7B2DF-FFCD-4B1C-AF0A-D66AE6C09EE3}.Debug|Any CPU.ActiveCfg = Debug|Any CPU
		{D1B7B2DF-FFCD-4B1C-AF0A-D66AE6C09EE3}.Debug|Any CPU.Build.0 = Debug|Any CPU
		{D1B7B2DF-FFCD-4B1C-AF0A-D66AE6C09EE3}.Release|Any CPU.ActiveCfg = Release|Any CPU
		{D1B7B2DF-FFCD-4B1C-AF0A-D66AE6C09EE3}.Release|Any CPU.Build.0 = Release|Any CPU
		{F2B521B6-B026-4BC0-982B-01FE687CC0F2}.Debug|Any CPU.ActiveCfg = Debug|Any CPU
		{F2B521B6-B026-4BC0-982B-01FE687CC0F2}.Debug|Any CPU.Build.0 = Debug|Any CPU
		{F2B521B6-B026-4BC0-982B-01FE687CC0F2}.Release|Any CPU.ActiveCfg = Release|Any CPU
		{F2B521B6-B026-4BC0-982B-01FE687CC0F2}.Release|Any CPU.Build.0 = Release|Any CPU
	EndGlobalSection
	GlobalSection(SolutionProperties) = preSolution
		HideSolutionNode = FALSE
	EndGlobalSection
	GlobalSection(ExtensibilityGlobals) = postSolution
		SolutionGuid = {A4AE32FF-32A1-44E4-97F5-7D9E2E16B8C8}
	EndGlobalSection
EndGlobal
