
Microsoft Visual Studio Solution File, Format Version 12.00
# Visual Studio Version 17
VisualStudioVersion = 17.10.34928.147
MinimumVisualStudioVersion = 10.0.40219.1
Project("{9A19103F-16F7-4668-BE54-9A1E7A4F7556}") = "SimpleCSharpApp", "SimpleCSharpApp\SimpleCSharpApp.csproj", "{D8B121C7-031D-47E8-A559-016BBBC99943}"
EndProject
Project("{9A19103F-16F7-4668-BE54-9A1E7A4F7556}") = "BasicConsoleIO", "BasicConsoleIO\BasicConsoleIO.csproj", "{D1B7B2DF-FFCD-4B1C-AF0A-D66AE6C09EE3}"
EndProject
Project("{9A19103F-16F7-4668-BE54-9A1E7A4F7556}") = "BasicDataTypes", "BasicDataTypes\BasicDataTypes.csproj", "{F2B521B6-B026-4BC0-982B-01FE687CC0F2}"
EndProject
Project("{9A19103F-16F7-4668-BE54-9A1E7A4F7556}") = "IterationConstructs", "IterationConstructs\IterationConstructs.csproj", "{550A339A-E533-468F-B083-EE01CF989DDA}"
EndProject
Project("{9A19103F-16F7-4668-BE54-9A1E7A4F7556}") = "DecisionConstructs", "DecisionConstructs\DecisionConstructs.csproj", "{0A9547FE-28A9-4602-B49D-67A9F420FDA5}"
EndProject
Project("{9A19103F-16F7-4668-BE54-9A1E7A4F7556}") = "Arrays", "Arrays\Arrays.csproj", "{F1BA9A8D-416A-4F49-8ED1-956EC384C165}"
EndProject
Project("{9A19103F-16F7-4668-BE54-9A1E7A4F7556}") = "Methods", "Methods\Methods.csproj", "{41A25ED2-CB09-4940-A110-FD312320F685}"
EndProject
Project("{9A19103F-16F7-4668-BE54-9A1E7A4F7556}") = "Enum", "Enum\Enum.csproj", "{9C4C70ED-D6CB-4920-8B07-A14ACDD81A93}"
EndProject
Project("{FAE04EC0-301F-11D3-BF4B-00C04F79EFBC}") = "Structure", "Structure\Structure.csproj", "{0BA94E6E-E01E-401D-8F86-5F39C26F1B9A}"
EndProject
Project("{FAE04EC0-301F-11D3-BF4B-00C04F79EFBC}") = "Types", "Types\Types.csproj", "{7C503135-ABA8-4DD8-A5F4-ECD15CDF6F99}"
EndProject
Project("{FAE04EC0-301F-11D3-BF4B-00C04F79EFBC}") = "Tuples", "Tuples\Tuples.csproj", "{C7CC3E39-7F79-4A39-BE47-0137F5A9DE70}"
EndProject
Project("{FAE04EC0-301F-11D3-BF4B-00C04F79EFBC}") = "OOP", "OOP\OOP.csproj", "{34156A2B-9297-4E1B-A4A8-992C149D4BAA}"
EndProject
Global
	GlobalSection(SolutionConfigurationPlatforms) = preSolution
		Debug|Any CPU = Debug|Any CPU
		Release|Any CPU = Release|Any CPU
	EndGlobalSection
	GlobalSection(ProjectConfigurationPlatforms) = postSolution
		{D8B121C7-031D-47E8-A559-016BBBC99943}.Debug|Any CPU.ActiveCfg = Debug|Any CPU
		{D8B121C7-031D-47E8-A559-016BBBC99943}.Debug|Any CPU.Build.0 = Debug|Any CPU
		{D8B121C7-031D-47E8-A559-016BBBC99943}.Release|Any CPU.ActiveCfg = Release|Any CPU
		{D8B121C7-031D-47E8-A559-016BBBC99943}.Release|Any CPU.Build.0 = Release|Any CPU
		{D1B7B2DF-FFCD-4B1C-AF0A-D66AE6C09EE3}.Debug|Any CPU.ActiveCfg = Debug|Any CPU
		{D1B7B2DF-FFCD-4B1C-AF0A-D66AE6C09EE3}.Debug|Any CPU.Build.0 = Debug|Any CPU
		{D1B7B2DF-FFCD-4B1C-AF0A-D66AE6C09EE3}.Release|Any CPU.ActiveCfg = Release|Any CPU
		{D1B7B2DF-FFCD-4B1C-AF0A-D66AE6C09EE3}.Release|Any CPU.Build.0 = Release|Any CPU
		{F2B521B6-B026-4BC0-982B-01FE687CC0F2}.Debug|Any CPU.ActiveCfg = Debug|Any CPU
		{F2B521B6-B026-4BC0-982B-01FE687CC0F2}.Debug|Any CPU.Build.0 = Debug|Any CPU
		{F2B521B6-B026-4BC0-982B-01FE687CC0F2}.Release|Any CPU.ActiveCfg = Release|Any CPU
		{F2B521B6-B026-4BC0-982B-01FE687CC0F2}.Release|Any CPU.Build.0 = Release|Any CPU
		{550A339A-E533-468F-B083-EE01CF989DDA}.Debug|Any CPU.ActiveCfg = Debug|Any CPU
		{550A339A-E533-468F-B083-EE01CF989DDA}.Debug|Any CPU.Build.0 = Debug|Any CPU
		{550A339A-E533-468F-B083-EE01CF989DDA}.Release|Any CPU.ActiveCfg = Release|Any CPU
		{550A339A-E533-468F-B083-EE01CF989DDA}.Release|Any CPU.Build.0 = Release|Any CPU
		{0A9547FE-28A9-4602-B49D-67A9F420FDA5}.Debug|Any CPU.ActiveCfg = Debug|Any CPU
		{0A9547FE-28A9-4602-B49D-67A9F420FDA5}.Debug|Any CPU.Build.0 = Debug|Any CPU
		{0A9547FE-28A9-4602-B49D-67A9F420FDA5}.Release|Any CPU.ActiveCfg = Release|Any CPU
		{0A9547FE-28A9-4602-B49D-67A9F420FDA5}.Release|Any CPU.Build.0 = Release|Any CPU
		{F1BA9A8D-416A-4F49-8ED1-956EC384C165}.Debug|Any CPU.ActiveCfg = Debug|Any CPU
		{F1BA9A8D-416A-4F49-8ED1-956EC384C165}.Debug|Any CPU.Build.0 = Debug|Any CPU
		{F1BA9A8D-416A-4F49-8ED1-956EC384C165}.Release|Any CPU.ActiveCfg = Release|Any CPU
		{F1BA9A8D-416A-4F49-8ED1-956EC384C165}.Release|Any CPU.Build.0 = Release|Any CPU
		{41A25ED2-CB09-4940-A110-FD312320F685}.Debug|Any CPU.ActiveCfg = Debug|Any CPU
		{41A25ED2-CB09-4940-A110-FD312320F685}.Debug|Any CPU.Build.0 = Debug|Any CPU
		{41A25ED2-CB09-4940-A110-FD312320F685}.Release|Any CPU.ActiveCfg = Release|Any CPU
		{41A25ED2-CB09-4940-A110-FD312320F685}.Release|Any CPU.Build.0 = Release|Any CPU
		{9C4C70ED-D6CB-4920-8B07-A14ACDD81A93}.Debug|Any CPU.ActiveCfg = Debug|Any CPU
		{9C4C70ED-D6CB-4920-8B07-A14ACDD81A93}.Debug|Any CPU.Build.0 = Debug|Any CPU
		{9C4C70ED-D6CB-4920-8B07-A14ACDD81A93}.Release|Any CPU.ActiveCfg = Release|Any CPU
		{9C4C70ED-D6CB-4920-8B07-A14ACDD81A93}.Release|Any CPU.Build.0 = Release|Any CPU
		{0BA94E6E-E01E-401D-8F86-5F39C26F1B9A}.Debug|Any CPU.ActiveCfg = Debug|Any CPU
		{0BA94E6E-E01E-401D-8F86-5F39C26F1B9A}.Debug|Any CPU.Build.0 = Debug|Any CPU
		{0BA94E6E-E01E-401D-8F86-5F39C26F1B9A}.Release|Any CPU.ActiveCfg = Release|Any CPU
		{0BA94E6E-E01E-401D-8F86-5F39C26F1B9A}.Release|Any CPU.Build.0 = Release|Any CPU
		{7C503135-ABA8-4DD8-A5F4-ECD15CDF6F99}.Debug|Any CPU.ActiveCfg = Debug|Any CPU
		{7C503135-ABA8-4DD8-A5F4-ECD15CDF6F99}.Debug|Any CPU.Build.0 = Debug|Any CPU
		{7C503135-ABA8-4DD8-A5F4-ECD15CDF6F99}.Release|Any CPU.ActiveCfg = Release|Any CPU
		{7C503135-ABA8-4DD8-A5F4-ECD15CDF6F99}.Release|Any CPU.Build.0 = Release|Any CPU
		{C7CC3E39-7F79-4A39-BE47-0137F5A9DE70}.Debug|Any CPU.ActiveCfg = Debug|Any CPU
		{C7CC3E39-7F79-4A39-BE47-0137F5A9DE70}.Debug|Any CPU.Build.0 = Debug|Any CPU
		{C7CC3E39-7F79-4A39-BE47-0137F5A9DE70}.Release|Any CPU.ActiveCfg = Release|Any CPU
		{C7CC3E39-7F79-4A39-BE47-0137F5A9DE70}.Release|Any CPU.Build.0 = Release|Any CPU
		{34156A2B-9297-4E1B-A4A8-992C149D4BAA}.Debug|Any CPU.ActiveCfg = Debug|Any CPU
		{34156A2B-9297-4E1B-A4A8-992C149D4BAA}.Debug|Any CPU.Build.0 = Debug|Any CPU
		{34156A2B-9297-4E1B-A4A8-992C149D4BAA}.Release|Any CPU.ActiveCfg = Release|Any CPU
		{34156A2B-9297-4E1B-A4A8-992C149D4BAA}.Release|Any CPU.Build.0 = Release|Any CPU
	EndGlobalSection
	GlobalSection(SolutionProperties) = preSolution
		HideSolutionNode = FALSE
	EndGlobalSection
	GlobalSection(ExtensibilityGlobals) = postSolution
		SolutionGuid = {A4AE32FF-32A1-44E4-97F5-7D9E2E16B8C8}
	EndGlobalSection
EndGlobal
